{
  "name": "@rbxts/datastore2",
  "version": "1.3.1",
  "lockfileVersion": 1,
  "requires": true,
  "dependencies": {
    "@rbxts/types": {
      "version": "1.0.315",
      "resolved": "https://registry.npmjs.org/@rbxts/types/-/types-1.0.315.tgz",
      "integrity": "sha512-pRDe6eTA24u4XiE1VxAGzW6ZapVJyvUsHlmJXpq9TtfZH+u7qM6VvdZf+v4I9QMeL/auNp+7duvSUeJgLDEEwA==",
      "dev": true
    }
  }
}
