{
  "name": "@rbxts/datastore2",
  "version": "1.0.2",
  "lockfileVersion": 1,
  "requires": true,
  "dependencies": {
    "rbx-types": {
      "version": "1.0.72",
      "resolved": "https://registry.npmjs.org/rbx-types/-/rbx-types-1.0.72.tgz",
      "integrity": "sha512-7RpsSctkkI4ClcxTUJem8jAwTkDP0Y25edRGi7kV7/fYbO2qYng99L7Oj3wvwIjglShKtzS0yQkc54ufD1n7Yw==",
      "dev": true
    }
  }
}
