{
  "name": "@rbxts/datastore2",
  "version": "1.0.3",
  "lockfileVersion": 1,
  "requires": true,
  "dependencies": {
    "@rbxts/types": {
      "version": "1.0.249",
      "resolved": "https://registry.npmjs.org/@rbxts/types/-/types-1.0.249.tgz",
      "integrity": "sha512-9gzhYLSXsUqfwa9h/mC9doc9CfEKQaXyJpKSnPzbDX7XTfR3tPOMKLjqIbWF82v5Kq7uyWmf2bSj/ZovXu/bXg==",
      "dev": true
    }
  }
}
